
Microsoft Visual Studio Solution File, Format Version 12.00
# Visual Studio Version 16
VisualStudioVersion = 16.0.31729.503
MinimumVisualStudioVersion = 10.0.40219.1
Project("{FAE04EC0-301F-11D3-BF4B-00C04F79EFBC}") = "BachHoaXanh_Store", "BachHoaXanh_Store\BachHoaXanh_Store.csproj", "{CA343A98-2F15-49C4-BA29-63BE2D7311C7}"
EndProject
Project("{FAE04EC0-301F-11D3-BF4B-00C04F79EFBC}") = "BLL_DAO", "BLL_DAO\BLL_DAO.csproj", "{09F5F2AD-024D-4482-99B2-AAFE1CE08A68}"
EndProject
Global
	GlobalSection(SolutionConfigurationPlatforms) = preSolution
		Debug|Any CPU = Debug|Any CPU
		Release|Any CPU = Release|Any CPU
	EndGlobalSection
	GlobalSection(ProjectConfigurationPlatforms) = postSolution
		{CA343A98-2F15-49C4-BA29-63BE2D7311C7}.Debug|Any CPU.ActiveCfg = Debug|Any CPU
		{CA343A98-2F15-49C4-BA29-63BE2D7311C7}.Debug|Any CPU.Build.0 = Debug|Any CPU
		{CA343A98-2F15-49C4-BA29-63BE2D7311C7}.Release|Any CPU.ActiveCfg = Release|Any CPU
		{CA343A98-2F15-49C4-BA29-63BE2D7311C7}.Release|Any CPU.Build.0 = Release|Any CPU
		{09F5F2AD-024D-4482-99B2-AAFE1CE08A68}.Debug|Any CPU.ActiveCfg = Debug|Any CPU
		{09F5F2AD-024D-4482-99B2-AAFE1CE08A68}.Debug|Any CPU.Build.0 = Debug|Any CPU
		{09F5F2AD-024D-4482-99B2-AAFE1CE08A68}.Release|Any CPU.ActiveCfg = Release|Any CPU
		{09F5F2AD-024D-4482-99B2-AAFE1CE08A68}.Release|Any CPU.Build.0 = Release|Any CPU
	EndGlobalSection
	GlobalSection(SolutionProperties) = preSolution
		HideSolutionNode = FALSE
	EndGlobalSection
	GlobalSection(ExtensibilityGlobals) = postSolution
		SolutionGuid = {4FA6E078-9D0C-48FD-9A8B-E87D22020DBB}
	EndGlobalSection
EndGlobal
